
Microsoft Visual Studio Solution File, Format Version 12.00
# Visual Studio Version 16
VisualStudioVersion = 16.0.35026.282
MinimumVisualStudioVersion = 10.0.40219.1
Project("{888888A0-9F3D-457C-B088-3A5042F75D52}") = "3KLSC-LEODANLOPEZ-06-PY", "3KLSC-LEODANLOPEZ-06-PY\3KLSC-LEODANLOPEZ-06-PY.pyproj", "{0CB8398A-4F24-4A43-9104-16C062AB4000}"
EndProject
Global
	GlobalSection(SolutionConfigurationPlatforms) = preSolution
		Debug|Any CPU = Debug|Any CPU
		Release|Any CPU = Release|Any CPU
	EndGlobalSection
	GlobalSection(ProjectConfigurationPlatforms) = postSolution
		{0CB8398A-4F24-4A43-9104-16C062AB4000}.Debug|Any CPU.ActiveCfg = Debug|Any CPU
		{0CB8398A-4F24-4A43-9104-16C062AB4000}.Release|Any CPU.ActiveCfg = Release|Any CPU
	EndGlobalSection
	GlobalSection(SolutionProperties) = preSolution
		HideSolutionNode = FALSE
	EndGlobalSection
	GlobalSection(ExtensibilityGlobals) = postSolution
		SolutionGuid = {924394CE-C858-4879-B765-3DDAFAD6895D}
	EndGlobalSection
EndGlobal
